// !$*UTF8*$!
{
	archiveVersion = 1;
	classes = {
	};
	objectVersion = 70;
	objects = {

/* Begin PBXBuildFile section */
		8E0EA50A2EA3605D00CE0DCA /* RandomAdventureGlass.icon in Resources */ = {isa = PBXBuildFile; fileRef = 8E0EA5092EA3605D00CE0DCA /* RandomAdventureGlass.icon */; };
		8E99120B29D0CF2800BAA8B4 /* RandomAdventureApp.swift in Sources */ = {isa = PBXBuildFile; fileRef = 8E99120A29D0CF2800BAA8B4 /* RandomAdventureApp.swift */; };
		8E99120F29D0CF2900BAA8B4 /* Assets.xcassets in Resources */ = {isa = PBXBuildFile; fileRef = 8E99120E29D0CF2900BAA8B4 /* Assets.xcassets */; };
		8E99121229D0CF2900BAA8B4 /* Preview Assets.xcassets in Resources */ = {isa = PBXBuildFile; fileRef = 8E99121129D0CF2900BAA8B4 /* Preview Assets.xcassets */; };
		8EC0CC8B2EA1D2C3005E8217 /* StoreKit.framework in Frameworks */ = {isa = PBXBuildFile; fileRef = 8EC0CC8A2EA1D2C3005E8217 /* StoreKit.framework */; };
/* End PBXBuildFile section */

/* Begin PBXContainerItemProxy section */
		8E3413452E25614700BA6683 /* PBXContainerItemProxy */ = {
			isa = PBXContainerItemProxy;
			containerPortal = 8E9911FF29D0CF2800BAA8B4 /* Project object */;
			proxyType = 1;
			remoteGlobalIDString = 8E99120629D0CF2800BAA8B4;
			remoteInfo = RandomAdventure;
		};
/* End PBXContainerItemProxy section */

/* Begin PBXFileReference section */
		8E0EA5092EA3605D00CE0DCA /* RandomAdventureGlass.icon */ = {isa = PBXFileReference; lastKnownFileType = folder.iconcomposer.icon; path = RandomAdventureGlass.icon; sourceTree = "<group>"; };
		8E3413412E25614700BA6683 /* RandomAdventureTests.xctest */ = {isa = PBXFileReference; explicitFileType = wrapper.cfbundle; includeInIndex = 0; path = RandomAdventureTests.xctest; sourceTree = BUILT_PRODUCTS_DIR; };
		8E99120729D0CF2800BAA8B4 /* RandomAdventure.app */ = {isa = PBXFileReference; explicitFileType = wrapper.application; includeInIndex = 0; path = RandomAdventure.app; sourceTree = BUILT_PRODUCTS_DIR; };
		8E99120A29D0CF2800BAA8B4 /* RandomAdventureApp.swift */ = {isa = PBXFileReference; lastKnownFileType = sourcecode.swift; path = RandomAdventureApp.swift; sourceTree = "<group>"; };
		8E99120E29D0CF2900BAA8B4 /* Assets.xcassets */ = {isa = PBXFileReference; lastKnownFileType = folder.assetcatalog; path = Assets.xcassets; sourceTree = "<group>"; };
		8E99121129D0CF2900BAA8B4 /* Preview Assets.xcassets */ = {isa = PBXFileReference; lastKnownFileType = folder.assetcatalog; path = "Preview Assets.xcassets"; sourceTree = "<group>"; };
		8EC0CC8A2EA1D2C3005E8217 /* StoreKit.framework */ = {isa = PBXFileReference; lastKnownFileType = wrapper.framework; name = StoreKit.framework; path = System/Library/Frameworks/StoreKit.framework; sourceTree = SDKROOT; };
/* End PBXFileReference section */

/* Begin PBXFileSystemSynchronizedBuildFileExceptionSet section */
		8E83923C2E5F853D005CA222 /* PBXFileSystemSynchronizedBuildFileExceptionSet */ = {
			isa = PBXFileSystemSynchronizedBuildFileExceptionSet;
			membershipExceptions = (
				InformationView.swift,
			);
			target = 8E3413402E25614700BA6683 /* RandomAdventureTests */;
		};
/* End PBXFileSystemSynchronizedBuildFileExceptionSet section */

/* Begin PBXFileSystemSynchronizedRootGroup section */
		8E3413422E25614700BA6683 /* RandomAdventureTests */ = {isa = PBXFileSystemSynchronizedRootGroup; explicitFileTypes = {}; explicitFolders = (); path = RandomAdventureTests; sourceTree = "<group>"; };
		8E526EC42E87962A0020AB07 /* Extensions */ = {isa = PBXFileSystemSynchronizedRootGroup; explicitFileTypes = {}; explicitFolders = (); path = Extensions; sourceTree = "<group>"; };
		8EC0D7B92D00900100051DA3 /* Models */ = {isa = PBXFileSystemSynchronizedRootGroup; explicitFileTypes = {}; explicitFolders = (); path = Models; sourceTree = "<group>"; };
		8EC0D7BB2D00901200051DA3 /* Views */ = {isa = PBXFileSystemSynchronizedRootGroup; exceptions = (8E83923C2E5F853D005CA222 /* PBXFileSystemSynchronizedBuildFileExceptionSet */, ); explicitFileTypes = {}; explicitFolders = (); path = Views; sourceTree = "<group>"; };
		8EC0D7BC2D00903200051DA3 /* Manager */ = {isa = PBXFileSystemSynchronizedRootGroup; explicitFileTypes = {}; explicitFolders = (); path = Manager; sourceTree = "<group>"; };
/* End PBXFileSystemSynchronizedRootGroup section */

/* Begin PBXFrameworksBuildPhase section */
		8E34133E2E25614700BA6683 /* Frameworks */ = {
			isa = PBXFrameworksBuildPhase;
			buildActionMask = 2147483647;
			files = (
			);
			runOnlyForDeploymentPostprocessing = 0;
		};
		8E99120429D0CF2800BAA8B4 /* Frameworks */ = {
			isa = PBXFrameworksBuildPhase;
			buildActionMask = 2147483647;
			files = (
				8EC0CC8B2EA1D2C3005E8217 /* StoreKit.framework in Frameworks */,
			);
			runOnlyForDeploymentPostprocessing = 0;
		};
/* End PBXFrameworksBuildPhase section */

/* Begin PBXGroup section */
		8E9911FE29D0CF2800BAA8B4 = {
			isa = PBXGroup;
			children = (
				8E99120929D0CF2800BAA8B4 /* RandomAdventure */,
				8E3413422E25614700BA6683 /* RandomAdventureTests */,
				8EC0CC892EA1D2C3005E8217 /* Frameworks */,
				8E99120829D0CF2800BAA8B4 /* Products */,
				8E0EA5092EA3605D00CE0DCA /* RandomAdventureGlass.icon */,
			);
			sourceTree = "<group>";
		};
		8E99120829D0CF2800BAA8B4 /* Products */ = {
			isa = PBXGroup;
			children = (
				8E99120729D0CF2800BAA8B4 /* RandomAdventure.app */,
				8E3413412E25614700BA6683 /* RandomAdventureTests.xctest */,
			);
			name = Products;
			sourceTree = "<group>";
		};
		8E99120929D0CF2800BAA8B4 /* RandomAdventure */ = {
			isa = PBXGroup;
			children = (
				8E99120A29D0CF2800BAA8B4 /* RandomAdventureApp.swift */,
				8E526EC42E87962A0020AB07 /* Extensions */,
				8EC0D7BC2D00903200051DA3 /* Manager */,
				8EC0D7BB2D00901200051DA3 /* Views */,
				8EC0D7B92D00900100051DA3 /* Models */,
				8E99120E29D0CF2900BAA8B4 /* Assets.xcassets */,
				8E99121029D0CF2900BAA8B4 /* Preview Content */,
			);
			path = RandomAdventure;
			sourceTree = "<group>";
		};
		8E99121029D0CF2900BAA8B4 /* Preview Content */ = {
			isa = PBXGroup;
			children = (
				8E99121129D0CF2900BAA8B4 /* Preview Assets.xcassets */,
			);
			path = "Preview Content";
			sourceTree = "<group>";
		};
		8EC0CC892EA1D2C3005E8217 /* Frameworks */ = {
			isa = PBXGroup;
			children = (
				8EC0CC8A2EA1D2C3005E8217 /* StoreKit.framework */,
			);
			name = Frameworks;
			sourceTree = "<group>";
		};
/* End PBXGroup section */

/* Begin PBXNativeTarget section */
		8E3413402E25614700BA6683 /* RandomAdventureTests */ = {
			isa = PBXNativeTarget;
			buildConfigurationList = 8E3413472E25614700BA6683 /* Build configuration list for PBXNativeTarget "RandomAdventureTests" */;
			buildPhases = (
				8E34133D2E25614700BA6683 /* Sources */,
				8E34133E2E25614700BA6683 /* Frameworks */,
				8E34133F2E25614700BA6683 /* Resources */,
			);
			buildRules = (
			);
			dependencies = (
				8E3413462E25614700BA6683 /* PBXTargetDependency */,
			);
			fileSystemSynchronizedGroups = (
				8E3413422E25614700BA6683 /* RandomAdventureTests */,
			);
			name = RandomAdventureTests;
			packageProductDependencies = (
			);
			productName = RandomAdventureTests;
			productReference = 8E3413412E25614700BA6683 /* RandomAdventureTests.xctest */;
			productType = "com.apple.product-type.bundle.unit-test";
		};
		8E99120629D0CF2800BAA8B4 /* RandomAdventure */ = {
			isa = PBXNativeTarget;
			buildConfigurationList = 8E99121529D0CF2900BAA8B4 /* Build configuration list for PBXNativeTarget "RandomAdventure" */;
			buildPhases = (
				8E99120329D0CF2800BAA8B4 /* Sources */,
				8E99120429D0CF2800BAA8B4 /* Frameworks */,
				8E99120529D0CF2800BAA8B4 /* Resources */,
			);
			buildRules = (
			);
			dependencies = (
			);
			fileSystemSynchronizedGroups = (
				8E526EC42E87962A0020AB07 /* Extensions */,
				8EC0D7B92D00900100051DA3 /* Models */,
				8EC0D7BB2D00901200051DA3 /* Views */,
				8EC0D7BC2D00903200051DA3 /* Manager */,
			);
			name = RandomAdventure;
			productName = RandomAdventure;
			productReference = 8E99120729D0CF2800BAA8B4 /* RandomAdventure.app */;
			productType = "com.apple.product-type.application";
		};
/* End PBXNativeTarget section */

/* Begin PBXProject section */
		8E9911FF29D0CF2800BAA8B4 /* Project object */ = {
			isa = PBXProject;
			attributes = {
				BuildIndependentTargetsInParallel = 1;
				LastSwiftUpdateCheck = 1640;
				LastUpgradeCheck = 1420;
				TargetAttributes = {
					8E3413402E25614700BA6683 = {
						CreatedOnToolsVersion = 16.4;
						TestTargetID = 8E99120629D0CF2800BAA8B4;
					};
					8E99120629D0CF2800BAA8B4 = {
						CreatedOnToolsVersion = 14.2;
					};
				};
			};
			buildConfigurationList = 8E99120229D0CF2800BAA8B4 /* Build configuration list for PBXProject "RandomAdventure" */;
			compatibilityVersion = "Xcode 14.0";
			developmentRegion = en;
			hasScannedForEncodings = 0;
			knownRegions = (
				en,
				Base,
			);
			mainGroup = 8E9911FE29D0CF2800BAA8B4;
			productRefGroup = 8E99120829D0CF2800BAA8B4 /* Products */;
			projectDirPath = "";
			projectRoot = "";
			targets = (
				8E99120629D0CF2800BAA8B4 /* RandomAdventure */,
				8E3413402E25614700BA6683 /* RandomAdventureTests */,
			);
		};
/* End PBXProject section */

/* Begin PBXResourcesBuildPhase section */
		8E34133F2E25614700BA6683 /* Resources */ = {
			isa = PBXResourcesBuildPhase;
			buildActionMask = 2147483647;
			files = (
			);
			runOnlyForDeploymentPostprocessing = 0;
		};
		8E99120529D0CF2800BAA8B4 /* Resources */ = {
			isa = PBXResourcesBuildPhase;
			buildActionMask = 2147483647;
			files = (
				8E99121229D0CF2900BAA8B4 /* Preview Assets.xcassets in Resources */,
				8E0EA50A2EA3605D00CE0DCA /* RandomAdventureGlass.icon in Resources */,
				8E99120F29D0CF2900BAA8B4 /* Assets.xcassets in Resources */,
			);
			runOnlyForDeploymentPostprocessing = 0;
		};
/* End PBXResourcesBuildPhase section */

/* Begin PBXSourcesBuildPhase section */
		8E34133D2E25614700BA6683 /* Sources */ = {
			isa = PBXSourcesBuildPhase;
			buildActionMask = 2147483647;
			files = (
			);
			runOnlyForDeploymentPostprocessing = 0;
		};
		8E99120329D0CF2800BAA8B4 /* Sources */ = {
			isa = PBXSourcesBuildPhase;
			buildActionMask = 2147483647;
			files = (
				8E99120B29D0CF2800BAA8B4 /* RandomAdventureApp.swift in Sources */,
			);
			runOnlyForDeploymentPostprocessing = 0;
		};
/* End PBXSourcesBuildPhase section */

/* Begin PBXTargetDependency section */
		8E3413462E25614700BA6683 /* PBXTargetDependency */ = {
			isa = PBXTargetDependency;
			target = 8E99120629D0CF2800BAA8B4 /* RandomAdventure */;
			targetProxy = 8E3413452E25614700BA6683 /* PBXContainerItemProxy */;
		};
/* End PBXTargetDependency section */

/* Begin XCBuildConfiguration section */
		8E3413482E25614700BA6683 /* Debug */ = {
			isa = XCBuildConfiguration;
			buildSettings = {
				ASSETCATALOG_COMPILER_GENERATE_SWIFT_ASSET_SYMBOL_EXTENSIONS = YES;
				BUNDLE_LOADER = "$(TEST_HOST)";
				CODE_SIGN_STYLE = Automatic;
				CURRENT_PROJECT_VERSION = 1;
				DEVELOPMENT_TEAM = 6FP5LT63NT;
				ENABLE_USER_SCRIPT_SANDBOXING = YES;
				GCC_C_LANGUAGE_STANDARD = gnu17;
				GENERATE_INFOPLIST_FILE = YES;
				IPHONEOS_DEPLOYMENT_TARGET = 18.5;
				LOCALIZATION_PREFERS_STRING_CATALOGS = YES;
				MARKETING_VERSION = 1.0;
				PRODUCT_BUNDLE_IDENTIFIER = com.RandomAdventureTests;
				PRODUCT_NAME = "$(TARGET_NAME)";
				SWIFT_ACTIVE_COMPILATION_CONDITIONS = "DEBUG $(inherited)";
				SWIFT_EMIT_LOC_STRINGS = NO;
				SWIFT_VERSION = 5.0;
				TARGETED_DEVICE_FAMILY = "1,2";
				TEST_HOST = "$(BUILT_PRODUCTS_DIR)/RandomAdventure.app/$(BUNDLE_EXECUTABLE_FOLDER_PATH)/RandomAdventure";
			};
			name = Debug;
		};
		8E3413492E25614700BA6683 /* Release */ = {
			isa = XCBuildConfiguration;
			buildSettings = {
				ASSETCATALOG_COMPILER_GENERATE_SWIFT_ASSET_SYMBOL_EXTENSIONS = YES;
				BUNDLE_LOADER = "$(TEST_HOST)";
				CODE_SIGN_STYLE = Automatic;
				CURRENT_PROJECT_VERSION = 1;
				DEVELOPMENT_TEAM = 6FP5LT63NT;
				ENABLE_USER_SCRIPT_SANDBOXING = YES;
				GCC_C_LANGUAGE_STANDARD = gnu17;
				GENERATE_INFOPLIST_FILE = YES;
				IPHONEOS_DEPLOYMENT_TARGET = 18.5;
				LOCALIZATION_PREFERS_STRING_CATALOGS = YES;
				MARKETING_VERSION = 1.0;
				PRODUCT_BUNDLE_IDENTIFIER = com.RandomAdventureTests;
				PRODUCT_NAME = "$(TARGET_NAME)";
				SWIFT_EMIT_LOC_STRINGS = NO;
				SWIFT_VERSION = 5.0;
				TARGETED_DEVICE_FAMILY = "1,2";
				TEST_HOST = "$(BUILT_PRODUCTS_DIR)/RandomAdventure.app/$(BUNDLE_EXECUTABLE_FOLDER_PATH)/RandomAdventure";
			};
			name = Release;
		};
		8E99121329D0CF2900BAA8B4 /* Debug */ = {
			isa = XCBuildConfiguration;
			buildSettings = {
				ALWAYS_SEARCH_USER_PATHS = NO;
				CLANG_ANALYZER_NONNULL = YES;
				CLANG_ANALYZER_NUMBER_OBJECT_CONVERSION = YES_AGGRESSIVE;
				CLANG_CXX_LANGUAGE_STANDARD = "gnu++20";
				CLANG_ENABLE_MODULES = YES;
				CLANG_ENABLE_OBJC_ARC = YES;
				CLANG_ENABLE_OBJC_WEAK = YES;
				CLANG_WARN_BLOCK_CAPTURE_AUTORELEASING = YES;
				CLANG_WARN_BOOL_CONVERSION = YES;
				CLANG_WARN_COMMA = YES;
				CLANG_WARN_CONSTANT_CONVERSION = YES;
				CLANG_WARN_DEPRECATED_OBJC_IMPLEMENTATIONS = YES;
				CLANG_WARN_DIRECT_OBJC_ISA_USAGE = YES_ERROR;
				CLANG_WARN_DOCUMENTATION_COMMENTS = YES;
				CLANG_WARN_EMPTY_BODY = YES;
				CLANG_WARN_ENUM_CONVERSION = YES;
				CLANG_WARN_INFINITE_RECURSION = YES;
				CLANG_WARN_INT_CONVERSION = YES;
				CLANG_WARN_NON_LITERAL_NULL_CONVERSION = YES;
				CLANG_WARN_OBJC_IMPLICIT_RETAIN_SELF = YES;
				CLANG_WARN_OBJC_LITERAL_CONVERSION = YES;
				CLANG_WARN_OBJC_ROOT_CLASS = YES_ERROR;
				CLANG_WARN_QUOTED_INCLUDE_IN_FRAMEWORK_HEADER = YES;
				CLANG_WARN_RANGE_LOOP_ANALYSIS = YES;
				CLANG_WARN_STRICT_PROTOTYPES = YES;
				CLANG_WARN_SUSPICIOUS_MOVE = YES;
				CLANG_WARN_UNGUARDED_AVAILABILITY = YES_AGGRESSIVE;
				CLANG_WARN_UNREACHABLE_CODE = YES;
				CLANG_WARN__DUPLICATE_METHOD_MATCH = YES;
				COPY_PHASE_STRIP = NO;
				DEBUG_INFORMATION_FORMAT = dwarf;
				ENABLE_STRICT_OBJC_MSGSEND = YES;
				ENABLE_TESTABILITY = YES;
				GCC_C_LANGUAGE_STANDARD = gnu11;
				GCC_DYNAMIC_NO_PIC = NO;
				GCC_NO_COMMON_BLOCKS = YES;
				GCC_OPTIMIZATION_LEVEL = 0;
				GCC_PREPROCESSOR_DEFINITIONS = (
					"DEBUG=1",
					"$(inherited)",
				);
				GCC_WARN_64_TO_32_BIT_CONVERSION = YES;
				GCC_WARN_ABOUT_RETURN_TYPE = YES_ERROR;
				GCC_WARN_UNDECLARED_SELECTOR = YES;
				GCC_WARN_UNINITIALIZED_AUTOS = YES_AGGRESSIVE;
				GCC_WARN_UNUSED_FUNCTION = YES;
				GCC_WARN_UNUSED_VARIABLE = YES;
				IPHONEOS_DEPLOYMENT_TARGET = 16.2;
				MTL_ENABLE_DEBUG_INFO = INCLUDE_SOURCE;
				MTL_FAST_MATH = YES;
				ONLY_ACTIVE_ARCH = YES;
				SDKROOT = iphoneos;
				SWIFT_ACTIVE_COMPILATION_CONDITIONS = DEBUG;
				SWIFT_OPTIMIZATION_LEVEL = "-Onone";
			};
			name = Debug;
		};
		8E99121429D0CF2900BAA8B4 /* Release */ = {
			isa = XCBuildConfiguration;
			buildSettings = {
				ALWAYS_SEARCH_USER_PATHS = NO;
				CLANG_ANALYZER_NONNULL = YES;
				CLANG_ANALYZER_NUMBER_OBJECT_CONVERSION = YES_AGGRESSIVE;
				CLANG_CXX_LANGUAGE_STANDARD = "gnu++20";
				CLANG_ENABLE_MODULES = YES;
				CLANG_ENABLE_OBJC_ARC = YES;
				CLANG_ENABLE_OBJC_WEAK = YES;
				CLANG_WARN_BLOCK_CAPTURE_AUTORELEASING = YES;
				CLANG_WARN_BOOL_CONVERSION = YES;
				CLANG_WARN_COMMA = YES;
				CLANG_WARN_CONSTANT_CONVERSION = YES;
				CLANG_WARN_DEPRECATED_OBJC_IMPLEMENTATIONS = YES;
				CLANG_WARN_DIRECT_OBJC_ISA_USAGE = YES_ERROR;
				CLANG_WARN_DOCUMENTATION_COMMENTS = YES;
				CLANG_WARN_EMPTY_BODY = YES;
				CLANG_WARN_ENUM_CONVERSION = YES;
				CLANG_WARN_INFINITE_RECURSION = YES;
				CLANG_WARN_INT_CONVERSION = YES;
				CLANG_WARN_NON_LITERAL_NULL_CONVERSION = YES;
				CLANG_WARN_OBJC_IMPLICIT_RETAIN_SELF = YES;
				CLANG_WARN_OBJC_LITERAL_CONVERSION = YES;
				CLANG_WARN_OBJC_ROOT_CLASS = YES_ERROR;
				CLANG_WARN_QUOTED_INCLUDE_IN_FRAMEWORK_HEADER = YES;
				CLANG_WARN_RANGE_LOOP_ANALYSIS = YES;
				CLANG_WARN_STRICT_PROTOTYPES = YES;
				CLANG_WARN_SUSPICIOUS_MOVE = YES;
				CLANG_WARN_UNGUARDED_AVAILABILITY = YES_AGGRESSIVE;
				CLANG_WARN_UNREACHABLE_CODE = YES;
				CLANG_WARN__DUPLICATE_METHOD_MATCH = YES;
				COPY_PHASE_STRIP = NO;
				DEBUG_INFORMATION_FORMAT = "dwarf-with-dsym";
				ENABLE_NS_ASSERTIONS = NO;
				ENABLE_STRICT_OBJC_MSGSEND = YES;
				GCC_C_LANGUAGE_STANDARD = gnu11;
				GCC_NO_COMMON_BLOCKS = YES;
				GCC_WARN_64_TO_32_BIT_CONVERSION = YES;
				GCC_WARN_ABOUT_RETURN_TYPE = YES_ERROR;
				GCC_WARN_UNDECLARED_SELECTOR = YES;
				GCC_WARN_UNINITIALIZED_AUTOS = YES_AGGRESSIVE;
				GCC_WARN_UNUSED_FUNCTION = YES;
				GCC_WARN_UNUSED_VARIABLE = YES;
				IPHONEOS_DEPLOYMENT_TARGET = 16.2;
				MTL_ENABLE_DEBUG_INFO = NO;
				MTL_FAST_MATH = YES;
				SDKROOT = iphoneos;
				SWIFT_COMPILATION_MODE = wholemodule;
				SWIFT_OPTIMIZATION_LEVEL = "-O";
				VALIDATE_PRODUCT = YES;
			};
			name = Release;
		};
		8E99121629D0CF2900BAA8B4 /* Debug */ = {
			isa = XCBuildConfiguration;
			buildSettings = {
				ASSETCATALOG_COMPILER_APPICON_NAME = AppIcon;
				ASSETCATALOG_COMPILER_GLOBAL_ACCENT_COLOR_NAME = AccentColor;
				CODE_SIGN_STYLE = Automatic;
				CURRENT_PROJECT_VERSION = 4;
				DEVELOPMENT_ASSET_PATHS = "\"RandomAdventure/Preview Content\"";
				DEVELOPMENT_TEAM = 6FP5LT63NT;
				ENABLE_PREVIEWS = YES;
				GENERATE_INFOPLIST_FILE = YES;
				INFOPLIST_KEY_NSLocationUsageDescription = "Ease of use to find adventures around you instead of typing";
				INFOPLIST_KEY_NSLocationWhenInUseUsageDescription = "Ease of use to find adventures around you instead of typing";
				INFOPLIST_KEY_UIApplicationSceneManifest_Generation = YES;
				INFOPLIST_KEY_UIApplicationSupportsIndirectInputEvents = YES;
				INFOPLIST_KEY_UILaunchScreen_Generation = YES;
				INFOPLIST_KEY_UISupportedInterfaceOrientations_iPad = "UIInterfaceOrientationPortrait UIInterfaceOrientationPortraitUpsideDown UIInterfaceOrientationLandscapeLeft UIInterfaceOrientationLandscapeRight";
				INFOPLIST_KEY_UISupportedInterfaceOrientations_iPhone = "UIInterfaceOrientationPortrait UIInterfaceOrientationLandscapeLeft UIInterfaceOrientationLandscapeRight";
				IPHONEOS_DEPLOYMENT_TARGET = 26.0;
				LD_RUNPATH_SEARCH_PATHS = (
					"$(inherited)",
					"@executable_path/Frameworks",
				);
				MARKETING_VERSION = 2.4;
				PRODUCT_BUNDLE_IDENTIFIER = co.RandomAdventure.RandomAdventure;
				PRODUCT_NAME = "$(TARGET_NAME)";
				SUPPORTED_PLATFORMS = "iphoneos iphonesimulator";
				SUPPORTS_MACCATALYST = NO;
				SUPPORTS_MAC_DESIGNED_FOR_IPHONE_IPAD = NO;
				SUPPORTS_XR_DESIGNED_FOR_IPHONE_IPAD = NO;
				SWIFT_EMIT_LOC_STRINGS = YES;
				SWIFT_VERSION = 5.0;
				TARGETED_DEVICE_FAMILY = 1;
			};
			name = Debug;
		};
		8E99121729D0CF2900BAA8B4 /* Release */ = {
			isa = XCBuildConfiguration;
			buildSettings = {
				ASSETCATALOG_COMPILER_APPICON_NAME = AppIcon;
				ASSETCATALOG_COMPILER_GLOBAL_ACCENT_COLOR_NAME = AccentColor;
				CODE_SIGN_STYLE = Automatic;
				CURRENT_PROJECT_VERSION = 4;
				DEVELOPMENT_ASSET_PATHS = "\"RandomAdventure/Preview Content\"";
				DEVELOPMENT_TEAM = 6FP5LT63NT;
				ENABLE_PREVIEWS = YES;
				GENERATE_INFOPLIST_FILE = YES;
				INFOPLIST_KEY_NSLocationUsageDescription = "Ease of use to find adventures around you instead of typing";
				INFOPLIST_KEY_NSLocationWhenInUseUsageDescription = "Ease of use to find adventures around you instead of typing";
				INFOPLIST_KEY_UIApplicationSceneManifest_Generation = YES;
				INFOPLIST_KEY_UIApplicationSupportsIndirectInputEvents = YES;
				INFOPLIST_KEY_UILaunchScreen_Generation = YES;
				INFOPLIST_KEY_UISupportedInterfaceOrientations_iPad = "UIInterfaceOrientationPortrait UIInterfaceOrientationPortraitUpsideDown UIInterfaceOrientationLandscapeLeft UIInterfaceOrientationLandscapeRight";
				INFOPLIST_KEY_UISupportedInterfaceOrientations_iPhone = "UIInterfaceOrientationPortrait UIInterfaceOrientationLandscapeLeft UIInterfaceOrientationLandscapeRight";
				IPHONEOS_DEPLOYMENT_TARGET = 26.0;
				LD_RUNPATH_SEARCH_PATHS = (
					"$(inherited)",
					"@executable_path/Frameworks",
				);
				MARKETING_VERSION = 2.4;
				PRODUCT_BUNDLE_IDENTIFIER = co.RandomAdventure.RandomAdventure;
				PRODUCT_NAME = "$(TARGET_NAME)";
				SUPPORTED_PLATFORMS = "iphoneos iphonesimulator";
				SUPPORTS_MACCATALYST = NO;
				SUPPORTS_MAC_DESIGNED_FOR_IPHONE_IPAD = NO;
				SUPPORTS_XR_DESIGNED_FOR_IPHONE_IPAD = NO;
				SWIFT_EMIT_LOC_STRINGS = YES;
				SWIFT_VERSION = 5.0;
				TARGETED_DEVICE_FAMILY = 1;
			};
			name = Release;
		};
/* End XCBuildConfiguration section */

/* Begin XCConfigurationList section */
		8E3413472E25614700BA6683 /* Build configuration list for PBXNativeTarget "RandomAdventureTests" */ = {
			isa = XCConfigurationList;
			buildConfigurations = (
				8E3413482E25614700BA6683 /* Debug */,
				8E3413492E25614700BA6683 /* Release */,
			);
			defaultConfigurationIsVisible = 0;
			defaultConfigurationName = Release;
		};
		8E99120229D0CF2800BAA8B4 /* Build configuration list for PBXProject "RandomAdventure" */ = {
			isa = XCConfigurationList;
			buildConfigurations = (
				8E99121329D0CF2900BAA8B4 /* Debug */,
				8E99121429D0CF2900BAA8B4 /* Release */,
			);
			defaultConfigurationIsVisible = 0;
			defaultConfigurationName = Release;
		};
		8E99121529D0CF2900BAA8B4 /* Build configuration list for PBXNativeTarget "RandomAdventure" */ = {
			isa = XCConfigurationList;
			buildConfigurations = (
				8E99121629D0CF2900BAA8B4 /* Debug */,
				8E99121729D0CF2900BAA8B4 /* Release */,
			);
			defaultConfigurationIsVisible = 0;
			defaultConfigurationName = Release;
		};
/* End XCConfigurationList section */
	};
	rootObject = 8E9911FF29D0CF2800BAA8B4 /* Project object */;
}
